
Microsoft Visual Studio Solution File, Format Version 12.00
# Visual Studio Version 16
VisualStudioVersion = 16.0.29009.5
MinimumVisualStudioVersion = 10.0.40219.1
Project("{FAE04EC0-301F-11D3-BF4B-00C04F79EFBC}") = "ImageLib", "ImageLib\ImageLib.csproj", "{C5DBFE2A-6ED6-46A2-B60C-16ADC25A7977}"
EndProject
Project("{FAE04EC0-301F-11D3-BF4B-00C04F79EFBC}") = "ImagesWinApp", "ImagesWinApp\ImagesWinApp.csproj", "{9003665A-E090-4AD5-9496-1180B469B9F8}"
EndProject
Global
	GlobalSection(SolutionConfigurationPlatforms) = preSolution
		Debug|Any CPU = Debug|Any CPU
		Release|Any CPU = Release|Any CPU
	EndGlobalSection
	GlobalSection(ProjectConfigurationPlatforms) = postSolution
		{C5DBFE2A-6ED6-46A2-B60C-16ADC25A7977}.Debug|Any CPU.ActiveCfg = Debug|Any CPU
		{C5DBFE2A-6ED6-46A2-B60C-16ADC25A7977}.Debug|Any CPU.Build.0 = Debug|Any CPU
		{C5DBFE2A-6ED6-46A2-B60C-16ADC25A7977}.Release|Any CPU.ActiveCfg = Release|Any CPU
		{C5DBFE2A-6ED6-46A2-B60C-16ADC25A7977}.Release|Any CPU.Build.0 = Release|Any CPU
		{9003665A-E090-4AD5-9496-1180B469B9F8}.Debug|Any CPU.ActiveCfg = Debug|Any CPU
		{9003665A-E090-4AD5-9496-1180B469B9F8}.Debug|Any CPU.Build.0 = Debug|Any CPU
		{9003665A-E090-4AD5-9496-1180B469B9F8}.Release|Any CPU.ActiveCfg = Release|Any CPU
		{9003665A-E090-4AD5-9496-1180B469B9F8}.Release|Any CPU.Build.0 = Release|Any CPU
	EndGlobalSection
	GlobalSection(SolutionProperties) = preSolution
		HideSolutionNode = FALSE
	EndGlobalSection
	GlobalSection(ExtensibilityGlobals) = postSolution
		SolutionGuid = {47624375-21C6-44B3-AEB8-F5D92045640A}
	EndGlobalSection
EndGlobal
